# This file is automatically @generated by Cargo.
# It is not intended for manual editing.
version = 4

[[package]]
name = "autocfg"
version = "1.5.0"
source = "registry+https://github.com/rust-lang/crates.io-index"
checksum = "c08606f8c3cbf4ce6ec8e28fb0014a2c086708fe954eaa885384a6165172e7e8"

[[package]]
name = "bitflags"
version = "2.11.1"
source = "registry+https://github.com/rust-lang/crates.io-index"
checksum = "c4512299f36f043ab09a583e57bceb5a5aab7a73db1805848e8fef3c9e8c78b3"

[[package]]
name = "elf"
version = "0.8.0"
source = "registry+https://github.com/rust-lang/crates.io-index"
checksum = "55dd888a213fc57e957abf2aa305ee3e8a28dbe05687a251f33b637cd46b0070"

[[package]]
name = "memoffset"
version = "0.9.1"
source = "registry+https://github.com/rust-lang/crates.io-index"
checksum = "488016bfae457b036d996092f6cb448677611ce4449e970ceaf42695203f218a"
dependencies = [
 "autocfg",
]

[[package]]
name = "noop-waker"
version = "0.1.0"
source = "registry+https://github.com/rust-lang/crates.io-index"
checksum = "56902c3f29ce7afbecc1d088dfd2e3108033f3c02041c70788ed94280a3d5261"

[[package]]
name = "panic-never"
version = "0.1.0"
source = "registry+https://github.com/rust-lang/crates.io-index"
checksum = "b0dc75d1f6543e7468fe83fe67257da512d7f1d2d5b66adfbbcf86b22df8d370"

[[package]]
name = "smallvec"
version = "1.15.1"
source = "registry+https://github.com/rust-lang/crates.io-index"
checksum = "67b1b7a3b5fe4f1376887184045fcf45c69e92af734b7aaddc05fb777b6fbd03"

[[package]]
name = "supervisor"
version = "0.1.0"
dependencies = [
 "elf",
 "memoffset",
 "panic-never",
 "tau",
]

[[package]]
name = "system"
version = "0.1.0"
dependencies = [
 "bitflags",
 "noop-waker",
 "smallvec",
 "tau",
]

[[package]]
name = "tau"
version = "0.1.0"
